
Microsoft Visual Studio Solution File, Format Version 12.00
# Visual Studio Version 16
VisualStudioVersion = 16.0.31321.278
MinimumVisualStudioVersion = 10.0.40219.1
Project("{FAE04EC0-301F-11D3-BF4B-00C04F79EFBC}") = "ToText.Shell", "ToText.Shell\ToText.Shell.csproj", "{C6785507-FFDE-42E7-8471-D0342CC2D0EA}"
EndProject
Global
	GlobalSection(SolutionConfigurationPlatforms) = preSolution
		Debug|Any CPU = Debug|Any CPU
		Release|Any CPU = Release|Any CPU
	EndGlobalSection
	GlobalSection(ProjectConfigurationPlatforms) = postSolution
		{C6785507-FFDE-42E7-8471-D0342CC2D0EA}.Debug|Any CPU.ActiveCfg = Debug|Any CPU
		{C6785507-FFDE-42E7-8471-D0342CC2D0EA}.Debug|Any CPU.Build.0 = Debug|Any CPU
		{C6785507-FFDE-42E7-8471-D0342CC2D0EA}.Release|Any CPU.ActiveCfg = Release|Any CPU
		{C6785507-FFDE-42E7-8471-D0342CC2D0EA}.Release|Any CPU.Build.0 = Release|Any CPU
	EndGlobalSection
	GlobalSection(SolutionProperties) = preSolution
		HideSolutionNode = FALSE
	EndGlobalSection
	GlobalSection(ExtensibilityGlobals) = postSolution
		SolutionGuid = {E17B812E-F54B-4E15-A506-37855E1801FD}
	EndGlobalSection
EndGlobal
